
Microsoft Visual Studio Solution File, Format Version 12.00
# Visual Studio Version 17
VisualStudioVersion = 17.0.31903.59
MinimumVisualStudioVersion = 10.0.40219.1
Project("{FAE04EC0-301F-11D3-BF4B-00C04F79EFBC}") = "bikamp", "bikamp\bikamp.csproj", "{A41A25C8-5F32-449D-B051-394F7B23DBC5}"
EndProject
Project("{FAE04EC0-301F-11D3-BF4B-00C04F79EFBC}") = "test", "test\test.csproj", "{B7FFFD3B-58BC-46B8-A701-551B7FA13943}"
EndProject
Global
	GlobalSection(SolutionConfigurationPlatforms) = preSolution
		Debug|Any CPU = Debug|Any CPU
		Release|Any CPU = Release|Any CPU
	EndGlobalSection
	GlobalSection(SolutionProperties) = preSolution
		HideSolutionNode = FALSE
	EndGlobalSection
	GlobalSection(ProjectConfigurationPlatforms) = postSolution
		{A41A25C8-5F32-449D-B051-394F7B23DBC5}.Debug|Any CPU.ActiveCfg = Debug|Any CPU
		{A41A25C8-5F32-449D-B051-394F7B23DBC5}.Debug|Any CPU.Build.0 = Debug|Any CPU
		{A41A25C8-5F32-449D-B051-394F7B23DBC5}.Release|Any CPU.ActiveCfg = Release|Any CPU
		{A41A25C8-5F32-449D-B051-394F7B23DBC5}.Release|Any CPU.Build.0 = Release|Any CPU
		{B7FFFD3B-58BC-46B8-A701-551B7FA13943}.Debug|Any CPU.ActiveCfg = Debug|Any CPU
		{B7FFFD3B-58BC-46B8-A701-551B7FA13943}.Debug|Any CPU.Build.0 = Debug|Any CPU
		{B7FFFD3B-58BC-46B8-A701-551B7FA13943}.Release|Any CPU.ActiveCfg = Release|Any CPU
		{B7FFFD3B-58BC-46B8-A701-551B7FA13943}.Release|Any CPU.Build.0 = Release|Any CPU
	EndGlobalSection
EndGlobal
